
Microsoft Visual Studio Solution File, Format Version 12.00
# Visual Studio Version 16
VisualStudioVersion = 16.0.32510.428
MinimumVisualStudioVersion = 10.0.40219.1
Project("{9092AA53-FB77-4645-B42D-1CCCA6BD08BD}") = "BTM.NodeJS.TopicParser", "BTM.NodeJS.TopicParser\BTM.NodeJS.TopicParser.njsproj", "{617644C8-E92F-4ACA-96C3-03DB854BFD0E}"
EndProject
Global
	GlobalSection(SolutionConfigurationPlatforms) = preSolution
		Debug|Any CPU = Debug|Any CPU
		Release|Any CPU = Release|Any CPU
	EndGlobalSection
	GlobalSection(ProjectConfigurationPlatforms) = postSolution
		{617644C8-E92F-4ACA-96C3-03DB854BFD0E}.Debug|Any CPU.ActiveCfg = Debug|Any CPU
		{617644C8-E92F-4ACA-96C3-03DB854BFD0E}.Debug|Any CPU.Build.0 = Debug|Any CPU
		{617644C8-E92F-4ACA-96C3-03DB854BFD0E}.Release|Any CPU.ActiveCfg = Release|Any CPU
		{617644C8-E92F-4ACA-96C3-03DB854BFD0E}.Release|Any CPU.Build.0 = Release|Any CPU
	EndGlobalSection
	GlobalSection(SolutionProperties) = preSolution
		HideSolutionNode = FALSE
	EndGlobalSection
	GlobalSection(ExtensibilityGlobals) = postSolution
		SolutionGuid = {42B90FCD-05E1-4501-A07C-45D5D94ECBC8}
	EndGlobalSection
EndGlobal
